
Microsoft Visual Studio Solution File, Format Version 12.00
# Visual Studio Version 17
VisualStudioVersion = 17.1.32421.90
MinimumVisualStudioVersion = 10.0.40219.1
Project("{FAE04EC0-301F-11D3-BF4B-00C04F79EFBC}") = "AutoCopyFiles", "AutoCopyFiles\AutoCopyFiles.csproj", "{D85F6537-88D9-4485-A35B-FDEC5FBBEB2F}"
EndProject
Global
	GlobalSection(SolutionConfigurationPlatforms) = preSolution
		Debug|Any CPU = Debug|Any CPU
		Release|Any CPU = Release|Any CPU
	EndGlobalSection
	GlobalSection(ProjectConfigurationPlatforms) = postSolution
		{D85F6537-88D9-4485-A35B-FDEC5FBBEB2F}.Debug|Any CPU.ActiveCfg = Debug|Any CPU
		{D85F6537-88D9-4485-A35B-FDEC5FBBEB2F}.Debug|Any CPU.Build.0 = Debug|Any CPU
		{D85F6537-88D9-4485-A35B-FDEC5FBBEB2F}.Release|Any CPU.ActiveCfg = Release|Any CPU
		{D85F6537-88D9-4485-A35B-FDEC5FBBEB2F}.Release|Any CPU.Build.0 = Release|Any CPU
	EndGlobalSection
	GlobalSection(SolutionProperties) = preSolution
		HideSolutionNode = FALSE
	EndGlobalSection
	GlobalSection(ExtensibilityGlobals) = postSolution
		SolutionGuid = {6D5FA9B6-0089-4EE2-AB20-891AC96FE14F}
	EndGlobalSection
EndGlobal
